
Microsoft Visual Studio Solution File, Format Version 12.00
# Visual Studio Version 16
VisualStudioVersion = 16.0.30406.217
MinimumVisualStudioVersion = 10.0.40219.1
Project("{FAE04EC0-301F-11D3-BF4B-00C04F79EFBC}") = "WebApplication4", "WebApplication4\WebApplication4.csproj", "{7FA5DF76-251D-45AE-83FA-17585AA01BA0}"
EndProject
Global
	GlobalSection(SolutionConfigurationPlatforms) = preSolution
		Debug|Any CPU = Debug|Any CPU
		Release|Any CPU = Release|Any CPU
	EndGlobalSection
	GlobalSection(ProjectConfigurationPlatforms) = postSolution
		{7FA5DF76-251D-45AE-83FA-17585AA01BA0}.Debug|Any CPU.ActiveCfg = Debug|Any CPU
		{7FA5DF76-251D-45AE-83FA-17585AA01BA0}.Debug|Any CPU.Build.0 = Debug|Any CPU
		{7FA5DF76-251D-45AE-83FA-17585AA01BA0}.Release|Any CPU.ActiveCfg = Release|Any CPU
		{7FA5DF76-251D-45AE-83FA-17585AA01BA0}.Release|Any CPU.Build.0 = Release|Any CPU
	EndGlobalSection
	GlobalSection(SolutionProperties) = preSolution
		HideSolutionNode = FALSE
	EndGlobalSection
	GlobalSection(ExtensibilityGlobals) = postSolution
		SolutionGuid = {6473DEB1-4080-4318-9BA5-51BA693043B0}
	EndGlobalSection
EndGlobal
